
Microsoft Visual Studio Solution File, Format Version 12.00
# 
Project("{F2A71F9B-5D33-465A-A702-920D77279786}") = "Lab6", "Lab6\Lab6.fsproj", "{29484FB3-7817-422A-A2D4-57242D4B1E59}"
EndProject
Project("{2150E333-8FDC-42A3-9474-1A3956D46DE8}") = "Lab7", "Lab7", "{A2FF20BF-EEAB-493A-9228-94888FF88C44}"
EndProject
Project("{F2A71F9B-5D33-465A-A702-920D77279786}") = "Geometry", "Lab7\Geometry\Geometry.fsproj", "{30390642-B8B7-495F-B1C6-34945042C836}"
EndProject
Global
	GlobalSection(SolutionConfigurationPlatforms) = preSolution
		Debug|Any CPU = Debug|Any CPU
		Release|Any CPU = Release|Any CPU
	EndGlobalSection
	GlobalSection(ProjectConfigurationPlatforms) = postSolution
		{29484FB3-7817-422A-A2D4-57242D4B1E59}.Debug|Any CPU.ActiveCfg = Debug|Any CPU
		{29484FB3-7817-422A-A2D4-57242D4B1E59}.Debug|Any CPU.Build.0 = Debug|Any CPU
		{29484FB3-7817-422A-A2D4-57242D4B1E59}.Release|Any CPU.ActiveCfg = Release|Any CPU
		{29484FB3-7817-422A-A2D4-57242D4B1E59}.Release|Any CPU.Build.0 = Release|Any CPU
		{30390642-B8B7-495F-B1C6-34945042C836}.Debug|Any CPU.ActiveCfg = Debug|Any CPU
		{30390642-B8B7-495F-B1C6-34945042C836}.Debug|Any CPU.Build.0 = Debug|Any CPU
		{30390642-B8B7-495F-B1C6-34945042C836}.Release|Any CPU.ActiveCfg = Release|Any CPU
		{30390642-B8B7-495F-B1C6-34945042C836}.Release|Any CPU.Build.0 = Release|Any CPU
	EndGlobalSection
	GlobalSection(NestedProjects) = preSolution
		{30390642-B8B7-495F-B1C6-34945042C836} = {A2FF20BF-EEAB-493A-9228-94888FF88C44}
	EndGlobalSection
EndGlobal
