
Microsoft Visual Studio Solution File, Format Version 12.00
# 
Project("{F2A71F9B-5D33-465A-A702-920D77279786}") = "Lab6", "Lab6\Lab6.fsproj", "{003A0888-74B9-4E35-997B-A1D19E99DAAB}"
EndProject
Project("{2150E333-8FDC-42A3-9474-1A3956D46DE8}") = "Lab7", "Lab7", "{FF4AE9E7-4C25-453E-A8C7-F4C947FC5319}"
EndProject
Project("{F2A71F9B-5D33-465A-A702-920D77279786}") = "Geometry", "Lab7\Geometry\Geometry.fsproj", "{E71B4D87-2607-42A9-B282-E8813BB3AC77}"
EndProject
Project("{F2A71F9B-5D33-465A-A702-920D77279786}") = "FunctorMonadas", "Lab7\FunctorMonadas\FunctorMonadas.fsproj", "{9CAD5EDE-BB19-452D-AE07-113AEA1F0243}"
EndProject
Project("{F2A71F9B-5D33-465A-A702-920D77279786}") = "Parse", "Lab7\Parse\Parse.fsproj", "{D3CB9099-54F7-429E-9F7F-8AC4A8BF433B}"
EndProject
Project("{F2A71F9B-5D33-465A-A702-920D77279786}") = "Mailbox", "Lab7\Mailbox\Mailbox.fsproj", "{F0AD4DB0-7916-4717-9D9B-C0D330849FDF}"
EndProject
Global
	GlobalSection(SolutionConfigurationPlatforms) = preSolution
		Debug|Any CPU = Debug|Any CPU
		Release|Any CPU = Release|Any CPU
	EndGlobalSection
	GlobalSection(ProjectConfigurationPlatforms) = postSolution
		{003A0888-74B9-4E35-997B-A1D19E99DAAB}.Debug|Any CPU.ActiveCfg = Debug|Any CPU
		{003A0888-74B9-4E35-997B-A1D19E99DAAB}.Debug|Any CPU.Build.0 = Debug|Any CPU
		{003A0888-74B9-4E35-997B-A1D19E99DAAB}.Release|Any CPU.ActiveCfg = Release|Any CPU
		{003A0888-74B9-4E35-997B-A1D19E99DAAB}.Release|Any CPU.Build.0 = Release|Any CPU
		{E71B4D87-2607-42A9-B282-E8813BB3AC77}.Debug|Any CPU.ActiveCfg = Debug|Any CPU
		{E71B4D87-2607-42A9-B282-E8813BB3AC77}.Debug|Any CPU.Build.0 = Debug|Any CPU
		{E71B4D87-2607-42A9-B282-E8813BB3AC77}.Release|Any CPU.ActiveCfg = Release|Any CPU
		{E71B4D87-2607-42A9-B282-E8813BB3AC77}.Release|Any CPU.Build.0 = Release|Any CPU
		{9CAD5EDE-BB19-452D-AE07-113AEA1F0243}.Debug|Any CPU.ActiveCfg = Debug|Any CPU
		{9CAD5EDE-BB19-452D-AE07-113AEA1F0243}.Debug|Any CPU.Build.0 = Debug|Any CPU
		{9CAD5EDE-BB19-452D-AE07-113AEA1F0243}.Release|Any CPU.ActiveCfg = Release|Any CPU
		{9CAD5EDE-BB19-452D-AE07-113AEA1F0243}.Release|Any CPU.Build.0 = Release|Any CPU
		{D3CB9099-54F7-429E-9F7F-8AC4A8BF433B}.Debug|Any CPU.ActiveCfg = Debug|Any CPU
		{D3CB9099-54F7-429E-9F7F-8AC4A8BF433B}.Debug|Any CPU.Build.0 = Debug|Any CPU
		{D3CB9099-54F7-429E-9F7F-8AC4A8BF433B}.Release|Any CPU.ActiveCfg = Release|Any CPU
		{D3CB9099-54F7-429E-9F7F-8AC4A8BF433B}.Release|Any CPU.Build.0 = Release|Any CPU
		{F0AD4DB0-7916-4717-9D9B-C0D330849FDF}.Debug|Any CPU.ActiveCfg = Debug|Any CPU
		{F0AD4DB0-7916-4717-9D9B-C0D330849FDF}.Debug|Any CPU.Build.0 = Debug|Any CPU
		{F0AD4DB0-7916-4717-9D9B-C0D330849FDF}.Release|Any CPU.ActiveCfg = Release|Any CPU
		{F0AD4DB0-7916-4717-9D9B-C0D330849FDF}.Release|Any CPU.Build.0 = Release|Any CPU
	EndGlobalSection
	GlobalSection(NestedProjects) = preSolution
		{E71B4D87-2607-42A9-B282-E8813BB3AC77} = {FF4AE9E7-4C25-453E-A8C7-F4C947FC5319}
		{9CAD5EDE-BB19-452D-AE07-113AEA1F0243} = {FF4AE9E7-4C25-453E-A8C7-F4C947FC5319}
		{D3CB9099-54F7-429E-9F7F-8AC4A8BF433B} = {FF4AE9E7-4C25-453E-A8C7-F4C947FC5319}
		{F0AD4DB0-7916-4717-9D9B-C0D330849FDF} = {FF4AE9E7-4C25-453E-A8C7-F4C947FC5319}
	EndGlobalSection
EndGlobal
